
Microsoft Visual Studio Solution File, Format Version 12.00
# Visual Studio Version 17
VisualStudioVersion = 17.3.32819.101
MinimumVisualStudioVersion = 10.0.40219.1
Project("{FAE04EC0-301F-11D3-BF4B-00C04F79EFBC}") = "probleme-pbinfo", "probleme-pbinfo\probleme-pbinfo.csproj", "{3E1F778D-45A2-4EB2-B0B9-4831071078D4}"
EndProject
Global
	GlobalSection(SolutionConfigurationPlatforms) = preSolution
		Debug|Any CPU = Debug|Any CPU
		Release|Any CPU = Release|Any CPU
	EndGlobalSection
	GlobalSection(ProjectConfigurationPlatforms) = postSolution
		{3E1F778D-45A2-4EB2-B0B9-4831071078D4}.Debug|Any CPU.ActiveCfg = Debug|Any CPU
		{3E1F778D-45A2-4EB2-B0B9-4831071078D4}.Debug|Any CPU.Build.0 = Debug|Any CPU
		{3E1F778D-45A2-4EB2-B0B9-4831071078D4}.Release|Any CPU.ActiveCfg = Release|Any CPU
		{3E1F778D-45A2-4EB2-B0B9-4831071078D4}.Release|Any CPU.Build.0 = Release|Any CPU
	EndGlobalSection
	GlobalSection(SolutionProperties) = preSolution
		HideSolutionNode = FALSE
	EndGlobalSection
	GlobalSection(ExtensibilityGlobals) = postSolution
		SolutionGuid = {CEB2F144-FA45-4AFB-836C-484CE69A6876}
	EndGlobalSection
EndGlobal
